
Microsoft Visual Studio Solution File, Format Version 12.00
# Visual Studio Version 16
VisualStudioVersion = 16.0.30717.126
MinimumVisualStudioVersion = 10.0.40219.1
Project("{9A19103F-16F7-4668-BE54-9A1E7A4F7556}") = "AdventOfCode.1", "AdventOfCode.1\AdventOfCode.1.csproj", "{6768E5BE-4F5E-4D06-8504-989468D55312}"
EndProject
Project("{9A19103F-16F7-4668-BE54-9A1E7A4F7556}") = "AdventOfCode.2", "AdventOfCode.2\AdventOfCode.2.csproj", "{08A81194-84E8-46F5-BAAD-AE144192059D}"
EndProject
Project("{9A19103F-16F7-4668-BE54-9A1E7A4F7556}") = "AdventOfCode.3", "AdventOfCode.3\AdventOfCode.3.csproj", "{CAFC402B-639A-4E15-818C-A97992A9F489}"
EndProject
Project("{FAE04EC0-301F-11D3-BF4B-00C04F79EFBC}") = "AdventOfCode.4", "AdventOfCode.4\AdventOfCode.4.csproj", "{94ABE28D-881A-4E4C-B9FB-23FF3B7B1CAA}"
EndProject
Global
	GlobalSection(SolutionConfigurationPlatforms) = preSolution
		Debug|Any CPU = Debug|Any CPU
		Release|Any CPU = Release|Any CPU
	EndGlobalSection
	GlobalSection(ProjectConfigurationPlatforms) = postSolution
		{6768E5BE-4F5E-4D06-8504-989468D55312}.Debug|Any CPU.ActiveCfg = Debug|Any CPU
		{6768E5BE-4F5E-4D06-8504-989468D55312}.Debug|Any CPU.Build.0 = Debug|Any CPU
		{6768E5BE-4F5E-4D06-8504-989468D55312}.Release|Any CPU.ActiveCfg = Release|Any CPU
		{6768E5BE-4F5E-4D06-8504-989468D55312}.Release|Any CPU.Build.0 = Release|Any CPU
		{08A81194-84E8-46F5-BAAD-AE144192059D}.Debug|Any CPU.ActiveCfg = Debug|Any CPU
		{08A81194-84E8-46F5-BAAD-AE144192059D}.Debug|Any CPU.Build.0 = Debug|Any CPU
		{08A81194-84E8-46F5-BAAD-AE144192059D}.Release|Any CPU.ActiveCfg = Release|Any CPU
		{08A81194-84E8-46F5-BAAD-AE144192059D}.Release|Any CPU.Build.0 = Release|Any CPU
		{CAFC402B-639A-4E15-818C-A97992A9F489}.Debug|Any CPU.ActiveCfg = Debug|Any CPU
		{CAFC402B-639A-4E15-818C-A97992A9F489}.Debug|Any CPU.Build.0 = Debug|Any CPU
		{CAFC402B-639A-4E15-818C-A97992A9F489}.Release|Any CPU.ActiveCfg = Release|Any CPU
		{CAFC402B-639A-4E15-818C-A97992A9F489}.Release|Any CPU.Build.0 = Release|Any CPU
		{94ABE28D-881A-4E4C-B9FB-23FF3B7B1CAA}.Debug|Any CPU.ActiveCfg = Debug|Any CPU
		{94ABE28D-881A-4E4C-B9FB-23FF3B7B1CAA}.Debug|Any CPU.Build.0 = Debug|Any CPU
		{94ABE28D-881A-4E4C-B9FB-23FF3B7B1CAA}.Release|Any CPU.ActiveCfg = Release|Any CPU
		{94ABE28D-881A-4E4C-B9FB-23FF3B7B1CAA}.Release|Any CPU.Build.0 = Release|Any CPU
	EndGlobalSection
	GlobalSection(SolutionProperties) = preSolution
		HideSolutionNode = FALSE
	EndGlobalSection
	GlobalSection(ExtensibilityGlobals) = postSolution
		SolutionGuid = {C07AAA85-D920-4946-871F-441C637204A8}
	EndGlobalSection
EndGlobal
